// !$*UTF8*$!
{
	archiveVersion = 1;
	classes = {
	};
	objectVersion = 55;
	objects = {

/* Begin PBXBuildFile section */
		DF772CFF2755ECA000DC7BE7 /* GlobalQuote.swift in Sources */ = {isa = PBXBuildFile; fileRef = DF772CFE2755ECA000DC7BE7 /* GlobalQuote.swift */; };
		DF772D012755EFEA00DC7BE7 /* Quote.swift in Sources */ = {isa = PBXBuildFile; fileRef = DF772D002755EFEA00DC7BE7 /* Quote.swift */; };
		DF772D042755F1B500DC7BE7 /* StocksAPI.swift in Sources */ = {isa = PBXBuildFile; fileRef = DF772D032755F1B500DC7BE7 /* StocksAPI.swift */; };
		DF772D062756012E00DC7BE7 /* QuoteManagerProtocol.swift in Sources */ = {isa = PBXBuildFile; fileRef = DF772D052756012E00DC7BE7 /* QuoteManagerProtocol.swift */; };
		DF772D082756050C00DC7BE7 /* MockQuoteManager.swift in Sources */ = {isa = PBXBuildFile; fileRef = DF772D072756050C00DC7BE7 /* MockQuoteManager.swift */; };
		DF772D0A275605C500DC7BE7 /* StockQuoteManager.swift in Sources */ = {isa = PBXBuildFile; fileRef = DF772D09275605C500DC7BE7 /* StockQuoteManager.swift */; };
		DFD994E52755C2B50004425A /* StocksApp.swift in Sources */ = {isa = PBXBuildFile; fileRef = DFD994E42755C2B50004425A /* StocksApp.swift */; };
		DFD994E72755C2B50004425A /* ContentView.swift in Sources */ = {isa = PBXBuildFile; fileRef = DFD994E62755C2B50004425A /* ContentView.swift */; };
		DFD994E92755C2B70004425A /* Assets.xcassets in Resources */ = {isa = PBXBuildFile; fileRef = DFD994E82755C2B70004425A /* Assets.xcassets */; };
		DFD994EC2755C2B70004425A /* Preview Assets.xcassets in Resources */ = {isa = PBXBuildFile; fileRef = DFD994EB2755C2B70004425A /* Preview Assets.xcassets */; };
		DFD994FC2755CD820004425A /* NetworkManager.swift in Sources */ = {isa = PBXBuildFile; fileRef = DFD994FB2755CD820004425A /* NetworkManager.swift */; };
/* End PBXBuildFile section */

/* Begin PBXFileReference section */
		DF772CFE2755ECA000DC7BE7 /* GlobalQuote.swift */ = {isa = PBXFileReference; lastKnownFileType = sourcecode.swift; path = GlobalQuote.swift; sourceTree = "<group>"; };
		DF772D002755EFEA00DC7BE7 /* Quote.swift */ = {isa = PBXFileReference; lastKnownFileType = sourcecode.swift; path = Quote.swift; sourceTree = "<group>"; };
		DF772D032755F1B500DC7BE7 /* StocksAPI.swift */ = {isa = PBXFileReference; lastKnownFileType = sourcecode.swift; path = StocksAPI.swift; sourceTree = "<group>"; };
		DF772D052756012E00DC7BE7 /* QuoteManagerProtocol.swift */ = {isa = PBXFileReference; lastKnownFileType = sourcecode.swift; path = QuoteManagerProtocol.swift; sourceTree = "<group>"; };
		DF772D072756050C00DC7BE7 /* MockQuoteManager.swift */ = {isa = PBXFileReference; lastKnownFileType = sourcecode.swift; path = MockQuoteManager.swift; sourceTree = "<group>"; };
		DF772D09275605C500DC7BE7 /* StockQuoteManager.swift */ = {isa = PBXFileReference; lastKnownFileType = sourcecode.swift; path = StockQuoteManager.swift; sourceTree = "<group>"; };
		DFD994E12755C2B50004425A /* Stocks.app */ = {isa = PBXFileReference; explicitFileType = wrapper.application; includeInIndex = 0; path = Stocks.app; sourceTree = BUILT_PRODUCTS_DIR; };
		DFD994E42755C2B50004425A /* StocksApp.swift */ = {isa = PBXFileReference; lastKnownFileType = sourcecode.swift; path = StocksApp.swift; sourceTree = "<group>"; };
		DFD994E62755C2B50004425A /* ContentView.swift */ = {isa = PBXFileReference; lastKnownFileType = sourcecode.swift; path = ContentView.swift; sourceTree = "<group>"; };
		DFD994E82755C2B70004425A /* Assets.xcassets */ = {isa = PBXFileReference; lastKnownFileType = folder.assetcatalog; path = Assets.xcassets; sourceTree = "<group>"; };
		DFD994EB2755C2B70004425A /* Preview Assets.xcassets */ = {isa = PBXFileReference; lastKnownFileType = folder.assetcatalog; path = "Preview Assets.xcassets"; sourceTree = "<group>"; };
		DFD994FB2755CD820004425A /* NetworkManager.swift */ = {isa = PBXFileReference; lastKnownFileType = sourcecode.swift; path = NetworkManager.swift; sourceTree = "<group>"; };
/* End PBXFileReference section */

/* Begin PBXFrameworksBuildPhase section */
		DFD994DE2755C2B50004425A /* Frameworks */ = {
			isa = PBXFrameworksBuildPhase;
			buildActionMask = 2147483647;
			files = (
			);
			runOnlyForDeploymentPostprocessing = 0;
		};
/* End PBXFrameworksBuildPhase section */

/* Begin PBXGroup section */
		DF772D022755F13C00DC7BE7 /* Managers */ = {
			isa = PBXGroup;
			children = (
				DF772D032755F1B500DC7BE7 /* StocksAPI.swift */,
				DF772D052756012E00DC7BE7 /* QuoteManagerProtocol.swift */,
				DF772D072756050C00DC7BE7 /* MockQuoteManager.swift */,
				DF772D09275605C500DC7BE7 /* StockQuoteManager.swift */,
			);
			path = Managers;
			sourceTree = "<group>";
		};
		DFD994D82755C2B50004425A = {
			isa = PBXGroup;
			children = (
				DFD994E32755C2B50004425A /* Stocks */,
				DFD994E22755C2B50004425A /* Products */,
			);
			sourceTree = "<group>";
		};
		DFD994E22755C2B50004425A /* Products */ = {
			isa = PBXGroup;
			children = (
				DFD994E12755C2B50004425A /* Stocks.app */,
			);
			name = Products;
			sourceTree = "<group>";
		};
		DFD994E32755C2B50004425A /* Stocks */ = {
			isa = PBXGroup;
			children = (
				DFD994FA2755CCA30004425A /* Utils */,
				DFD994F22755C7630004425A /* Features */,
				DFD994E42755C2B50004425A /* StocksApp.swift */,
				DFD994E62755C2B50004425A /* ContentView.swift */,
				DFD994E82755C2B70004425A /* Assets.xcassets */,
				DFD994EA2755C2B70004425A /* Preview Content */,
			);
			path = Stocks;
			sourceTree = "<group>";
		};
		DFD994EA2755C2B70004425A /* Preview Content */ = {
			isa = PBXGroup;
			children = (
				DFD994EB2755C2B70004425A /* Preview Assets.xcassets */,
			);
			path = "Preview Content";
			sourceTree = "<group>";
		};
		DFD994F22755C7630004425A /* Features */ = {
			isa = PBXGroup;
			children = (
				DFD994F32755C77E0004425A /* News */,
				DFD994F42755C78B0004425A /* Search */,
				DFD994F52755C7950004425A /* Quotes */,
			);
			path = Features;
			sourceTree = "<group>";
		};
		DFD994F32755C77E0004425A /* News */ = {
			isa = PBXGroup;
			children = (
				DFD994F92755C7D10004425A /* Models */,
				DFD994F82755C7CB0004425A /* Views */,
			);
			path = News;
			sourceTree = "<group>";
		};
		DFD994F42755C78B0004425A /* Search */ = {
			isa = PBXGroup;
			children = (
			);
			path = Search;
			sourceTree = "<group>";
		};
		DFD994F52755C7950004425A /* Quotes */ = {
			isa = PBXGroup;
			children = (
				DF772D022755F13C00DC7BE7 /* Managers */,
				DFD994F72755C7B90004425A /* Models */,
				DFD994F62755C7B00004425A /* Views */,
			);
			path = Quotes;
			sourceTree = "<group>";
		};
		DFD994F62755C7B00004425A /* Views */ = {
			isa = PBXGroup;
			children = (
			);
			path = Views;
			sourceTree = "<group>";
		};
		DFD994F72755C7B90004425A /* Models */ = {
			isa = PBXGroup;
			children = (
				DF772CFE2755ECA000DC7BE7 /* GlobalQuote.swift */,
				DF772D002755EFEA00DC7BE7 /* Quote.swift */,
			);
			path = Models;
			sourceTree = "<group>";
		};
		DFD994F82755C7CB0004425A /* Views */ = {
			isa = PBXGroup;
			children = (
			);
			path = Views;
			sourceTree = "<group>";
		};
		DFD994F92755C7D10004425A /* Models */ = {
			isa = PBXGroup;
			children = (
			);
			path = Models;
			sourceTree = "<group>";
		};
		DFD994FA2755CCA30004425A /* Utils */ = {
			isa = PBXGroup;
			children = (
				DFD994FB2755CD820004425A /* NetworkManager.swift */,
			);
			path = Utils;
			sourceTree = "<group>";
		};
/* End PBXGroup section */

/* Begin PBXNativeTarget section */
		DFD994E02755C2B50004425A /* Stocks */ = {
			isa = PBXNativeTarget;
			buildConfigurationList = DFD994EF2755C2B70004425A /* Build configuration list for PBXNativeTarget "Stocks" */;
			buildPhases = (
				DFD994DD2755C2B50004425A /* Sources */,
				DFD994DE2755C2B50004425A /* Frameworks */,
				DFD994DF2755C2B50004425A /* Resources */,
			);
			buildRules = (
			);
			dependencies = (
			);
			name = Stocks;
			productName = Stocks;
			productReference = DFD994E12755C2B50004425A /* Stocks.app */;
			productType = "com.apple.product-type.application";
		};
/* End PBXNativeTarget section */

/* Begin PBXProject section */
		DFD994D92755C2B50004425A /* Project object */ = {
			isa = PBXProject;
			attributes = {
				BuildIndependentTargetsInParallel = 1;
				LastSwiftUpdateCheck = 1310;
				LastUpgradeCheck = 1310;
				TargetAttributes = {
					DFD994E02755C2B50004425A = {
						CreatedOnToolsVersion = 13.1;
					};
				};
			};
			buildConfigurationList = DFD994DC2755C2B50004425A /* Build configuration list for PBXProject "Stocks" */;
			compatibilityVersion = "Xcode 13.0";
			developmentRegion = en;
			hasScannedForEncodings = 0;
			knownRegions = (
				en,
				Base,
			);
			mainGroup = DFD994D82755C2B50004425A;
			productRefGroup = DFD994E22755C2B50004425A /* Products */;
			projectDirPath = "";
			projectRoot = "";
			targets = (
				DFD994E02755C2B50004425A /* Stocks */,
			);
		};
/* End PBXProject section */

/* Begin PBXResourcesBuildPhase section */
		DFD994DF2755C2B50004425A /* Resources */ = {
			isa = PBXResourcesBuildPhase;
			buildActionMask = 2147483647;
			files = (
				DFD994EC2755C2B70004425A /* Preview Assets.xcassets in Resources */,
				DFD994E92755C2B70004425A /* Assets.xcassets in Resources */,
			);
			runOnlyForDeploymentPostprocessing = 0;
		};
/* End PBXResourcesBuildPhase section */

/* Begin PBXSourcesBuildPhase section */
		DFD994DD2755C2B50004425A /* Sources */ = {
			isa = PBXSourcesBuildPhase;
			buildActionMask = 2147483647;
			files = (
				DFD994FC2755CD820004425A /* NetworkManager.swift in Sources */,
				DF772D042755F1B500DC7BE7 /* StocksAPI.swift in Sources */,
				DFD994E72755C2B50004425A /* ContentView.swift in Sources */,
				DFD994E52755C2B50004425A /* StocksApp.swift in Sources */,
				DF772D082756050C00DC7BE7 /* MockQuoteManager.swift in Sources */,
				DF772D0A275605C500DC7BE7 /* StockQuoteManager.swift in Sources */,
				DF772D012755EFEA00DC7BE7 /* Quote.swift in Sources */,
				DF772CFF2755ECA000DC7BE7 /* GlobalQuote.swift in Sources */,
				DF772D062756012E00DC7BE7 /* QuoteManagerProtocol.swift in Sources */,
			);
			runOnlyForDeploymentPostprocessing = 0;
		};
/* End PBXSourcesBuildPhase section */

/* Begin XCBuildConfiguration section */
		DFD994ED2755C2B70004425A /* Debug */ = {
			isa = XCBuildConfiguration;
			buildSettings = {
				ALWAYS_SEARCH_USER_PATHS = NO;
				CLANG_ANALYZER_NONNULL = YES;
				CLANG_ANALYZER_NUMBER_OBJECT_CONVERSION = YES_AGGRESSIVE;
				CLANG_CXX_LANGUAGE_STANDARD = "gnu++17";
				CLANG_CXX_LIBRARY = "libc++";
				CLANG_ENABLE_MODULES = YES;
				CLANG_ENABLE_OBJC_ARC = YES;
				CLANG_ENABLE_OBJC_WEAK = YES;
				CLANG_WARN_BLOCK_CAPTURE_AUTORELEASING = YES;
				CLANG_WARN_BOOL_CONVERSION = YES;
				CLANG_WARN_COMMA = YES;
				CLANG_WARN_CONSTANT_CONVERSION = YES;
				CLANG_WARN_DEPRECATED_OBJC_IMPLEMENTATIONS = YES;
				CLANG_WARN_DIRECT_OBJC_ISA_USAGE = YES_ERROR;
				CLANG_WARN_DOCUMENTATION_COMMENTS = YES;
				CLANG_WARN_EMPTY_BODY = YES;
				CLANG_WARN_ENUM_CONVERSION = YES;
				CLANG_WARN_INFINITE_RECURSION = YES;
				CLANG_WARN_INT_CONVERSION = YES;
				CLANG_WARN_NON_LITERAL_NULL_CONVERSION = YES;
				CLANG_WARN_OBJC_IMPLICIT_RETAIN_SELF = YES;
				CLANG_WARN_OBJC_LITERAL_CONVERSION = YES;
				CLANG_WARN_OBJC_ROOT_CLASS = YES_ERROR;
				CLANG_WARN_QUOTED_INCLUDE_IN_FRAMEWORK_HEADER = YES;
				CLANG_WARN_RANGE_LOOP_ANALYSIS = YES;
				CLANG_WARN_STRICT_PROTOTYPES = YES;
				CLANG_WARN_SUSPICIOUS_MOVE = YES;
				CLANG_WARN_UNGUARDED_AVAILABILITY = YES_AGGRESSIVE;
				CLANG_WARN_UNREACHABLE_CODE = YES;
				CLANG_WARN__DUPLICATE_METHOD_MATCH = YES;
				COPY_PHASE_STRIP = NO;
				DEBUG_INFORMATION_FORMAT = dwarf;
				ENABLE_STRICT_OBJC_MSGSEND = YES;
				ENABLE_TESTABILITY = YES;
				GCC_C_LANGUAGE_STANDARD = gnu11;
				GCC_DYNAMIC_NO_PIC = NO;
				GCC_NO_COMMON_BLOCKS = YES;
				GCC_OPTIMIZATION_LEVEL = 0;
				GCC_PREPROCESSOR_DEFINITIONS = (
					"DEBUG=1",
					"$(inherited)",
				);
				GCC_WARN_64_TO_32_BIT_CONVERSION = YES;
				GCC_WARN_ABOUT_RETURN_TYPE = YES_ERROR;
				GCC_WARN_UNDECLARED_SELECTOR = YES;
				GCC_WARN_UNINITIALIZED_AUTOS = YES_AGGRESSIVE;
				GCC_WARN_UNUSED_FUNCTION = YES;
				GCC_WARN_UNUSED_VARIABLE = YES;
				IPHONEOS_DEPLOYMENT_TARGET = 15.0;
				MTL_ENABLE_DEBUG_INFO = INCLUDE_SOURCE;
				MTL_FAST_MATH = YES;
				ONLY_ACTIVE_ARCH = YES;
				SDKROOT = iphoneos;
				SWIFT_ACTIVE_COMPILATION_CONDITIONS = DEBUG;
				SWIFT_OPTIMIZATION_LEVEL = "-Onone";
			};
			name = Debug;
		};
		DFD994EE2755C2B70004425A /* Release */ = {
			isa = XCBuildConfiguration;
			buildSettings = {
				ALWAYS_SEARCH_USER_PATHS = NO;
				CLANG_ANALYZER_NONNULL = YES;
				CLANG_ANALYZER_NUMBER_OBJECT_CONVERSION = YES_AGGRESSIVE;
				CLANG_CXX_LANGUAGE_STANDARD = "gnu++17";
				CLANG_CXX_LIBRARY = "libc++";
				CLANG_ENABLE_MODULES = YES;
				CLANG_ENABLE_OBJC_ARC = YES;
				CLANG_ENABLE_OBJC_WEAK = YES;
				CLANG_WARN_BLOCK_CAPTURE_AUTORELEASING = YES;
				CLANG_WARN_BOOL_CONVERSION = YES;
				CLANG_WARN_COMMA = YES;
				CLANG_WARN_CONSTANT_CONVERSION = YES;
				CLANG_WARN_DEPRECATED_OBJC_IMPLEMENTATIONS = YES;
				CLANG_WARN_DIRECT_OBJC_ISA_USAGE = YES_ERROR;
				CLANG_WARN_DOCUMENTATION_COMMENTS = YES;
				CLANG_WARN_EMPTY_BODY = YES;
				CLANG_WARN_ENUM_CONVERSION = YES;
				CLANG_WARN_INFINITE_RECURSION = YES;
				CLANG_WARN_INT_CONVERSION = YES;
				CLANG_WARN_NON_LITERAL_NULL_CONVERSION = YES;
				CLANG_WARN_OBJC_IMPLICIT_RETAIN_SELF = YES;
				CLANG_WARN_OBJC_LITERAL_CONVERSION = YES;
				CLANG_WARN_OBJC_ROOT_CLASS = YES_ERROR;
				CLANG_WARN_QUOTED_INCLUDE_IN_FRAMEWORK_HEADER = YES;
				CLANG_WARN_RANGE_LOOP_ANALYSIS = YES;
				CLANG_WARN_STRICT_PROTOTYPES = YES;
				CLANG_WARN_SUSPICIOUS_MOVE = YES;
				CLANG_WARN_UNGUARDED_AVAILABILITY = YES_AGGRESSIVE;
				CLANG_WARN_UNREACHABLE_CODE = YES;
				CLANG_WARN__DUPLICATE_METHOD_MATCH = YES;
				COPY_PHASE_STRIP = NO;
				DEBUG_INFORMATION_FORMAT = "dwarf-with-dsym";
				ENABLE_NS_ASSERTIONS = NO;
				ENABLE_STRICT_OBJC_MSGSEND = YES;
				GCC_C_LANGUAGE_STANDARD = gnu11;
				GCC_NO_COMMON_BLOCKS = YES;
				GCC_WARN_64_TO_32_BIT_CONVERSION = YES;
				GCC_WARN_ABOUT_RETURN_TYPE = YES_ERROR;
				GCC_WARN_UNDECLARED_SELECTOR = YES;
				GCC_WARN_UNINITIALIZED_AUTOS = YES_AGGRESSIVE;
				GCC_WARN_UNUSED_FUNCTION = YES;
				GCC_WARN_UNUSED_VARIABLE = YES;
				IPHONEOS_DEPLOYMENT_TARGET = 15.0;
				MTL_ENABLE_DEBUG_INFO = NO;
				MTL_FAST_MATH = YES;
				SDKROOT = iphoneos;
				SWIFT_COMPILATION_MODE = wholemodule;
				SWIFT_OPTIMIZATION_LEVEL = "-O";
				VALIDATE_PRODUCT = YES;
			};
			name = Release;
		};
		DFD994F02755C2B70004425A /* Debug */ = {
			isa = XCBuildConfiguration;
			buildSettings = {
				ASSETCATALOG_COMPILER_APPICON_NAME = AppIcon;
				ASSETCATALOG_COMPILER_GLOBAL_ACCENT_COLOR_NAME = AccentColor;
				CODE_SIGN_STYLE = Automatic;
				CURRENT_PROJECT_VERSION = 1;
				DEVELOPMENT_ASSET_PATHS = "\"Stocks/Preview Content\"";
				DEVELOPMENT_TEAM = 2YLSWVDF7V;
				ENABLE_PREVIEWS = YES;
				GENERATE_INFOPLIST_FILE = YES;
				INFOPLIST_KEY_UIApplicationSceneManifest_Generation = YES;
				INFOPLIST_KEY_UIApplicationSupportsIndirectInputEvents = YES;
				INFOPLIST_KEY_UILaunchScreen_Generation = YES;
				INFOPLIST_KEY_UISupportedInterfaceOrientations_iPad = "UIInterfaceOrientationPortrait UIInterfaceOrientationPortraitUpsideDown UIInterfaceOrientationLandscapeLeft UIInterfaceOrientationLandscapeRight";
				INFOPLIST_KEY_UISupportedInterfaceOrientations_iPhone = "UIInterfaceOrientationPortrait UIInterfaceOrientationLandscapeLeft UIInterfaceOrientationLandscapeRight";
				LD_RUNPATH_SEARCH_PATHS = (
					"$(inherited)",
					"@executable_path/Frameworks",
				);
				MARKETING_VERSION = 1.0;
				PRODUCT_BUNDLE_IDENTIFIER = turtle.Stocks;
				PRODUCT_NAME = "$(TARGET_NAME)";
				SWIFT_EMIT_LOC_STRINGS = YES;
				SWIFT_VERSION = 5.0;
				TARGETED_DEVICE_FAMILY = "1,2";
			};
			name = Debug;
		};
		DFD994F12755C2B70004425A /* Release */ = {
			isa = XCBuildConfiguration;
			buildSettings = {
				ASSETCATALOG_COMPILER_APPICON_NAME = AppIcon;
				ASSETCATALOG_COMPILER_GLOBAL_ACCENT_COLOR_NAME = AccentColor;
				CODE_SIGN_STYLE = Automatic;
				CURRENT_PROJECT_VERSION = 1;
				DEVELOPMENT_ASSET_PATHS = "\"Stocks/Preview Content\"";
				DEVELOPMENT_TEAM = 2YLSWVDF7V;
				ENABLE_PREVIEWS = YES;
				GENERATE_INFOPLIST_FILE = YES;
				INFOPLIST_KEY_UIApplicationSceneManifest_Generation = YES;
				INFOPLIST_KEY_UIApplicationSupportsIndirectInputEvents = YES;
				INFOPLIST_KEY_UILaunchScreen_Generation = YES;
				INFOPLIST_KEY_UISupportedInterfaceOrientations_iPad = "UIInterfaceOrientationPortrait UIInterfaceOrientationPortraitUpsideDown UIInterfaceOrientationLandscapeLeft UIInterfaceOrientationLandscapeRight";
				INFOPLIST_KEY_UISupportedInterfaceOrientations_iPhone = "UIInterfaceOrientationPortrait UIInterfaceOrientationLandscapeLeft UIInterfaceOrientationLandscapeRight";
				LD_RUNPATH_SEARCH_PATHS = (
					"$(inherited)",
					"@executable_path/Frameworks",
				);
				MARKETING_VERSION = 1.0;
				PRODUCT_BUNDLE_IDENTIFIER = turtle.Stocks;
				PRODUCT_NAME = "$(TARGET_NAME)";
				SWIFT_EMIT_LOC_STRINGS = YES;
				SWIFT_VERSION = 5.0;
				TARGETED_DEVICE_FAMILY = "1,2";
			};
			name = Release;
		};
/* End XCBuildConfiguration section */

/* Begin XCConfigurationList section */
		DFD994DC2755C2B50004425A /* Build configuration list for PBXProject "Stocks" */ = {
			isa = XCConfigurationList;
			buildConfigurations = (
				DFD994ED2755C2B70004425A /* Debug */,
				DFD994EE2755C2B70004425A /* Release */,
			);
			defaultConfigurationIsVisible = 0;
			defaultConfigurationName = Release;
		};
		DFD994EF2755C2B70004425A /* Build configuration list for PBXNativeTarget "Stocks" */ = {
			isa = XCConfigurationList;
			buildConfigurations = (
				DFD994F02755C2B70004425A /* Debug */,
				DFD994F12755C2B70004425A /* Release */,
			);
			defaultConfigurationIsVisible = 0;
			defaultConfigurationName = Release;
		};
/* End XCConfigurationList section */
	};
	rootObject = DFD994D92755C2B50004425A /* Project object */;
}
